
Microsoft Visual Studio Solution File, Format Version 12.00
# Visual Studio Version 17
VisualStudioVersion = 17.4.33103.184
MinimumVisualStudioVersion = 10.0.40219.1
Project("{9A19103F-16F7-4668-BE54-9A1E7A4F7556}") = "NamesApp.Models", "NamesApp.Models\NamesApp.Models.csproj", "{314F22F1-8EE7-4820-A71E-95C7C311B469}"
EndProject
Project("{9A19103F-16F7-4668-BE54-9A1E7A4F7556}") = "NamesApp.Server", "NamesApp.Server\NamesApp.Server.csproj", "{069F5F4D-2905-4365-B2B6-3D0FFB197E0C}"
EndProject
Project("{FAE04EC0-301F-11D3-BF4B-00C04F79EFBC}") = "NamesApp.Client", "NamesApp.Client\NamesApp.Client.csproj", "{92C75837-0A6D-4517-BD8F-37E52F70D20C}"
EndProject
Global
	GlobalSection(SolutionConfigurationPlatforms) = preSolution
		Debug|Any CPU = Debug|Any CPU
		Release|Any CPU = Release|Any CPU
	EndGlobalSection
	GlobalSection(ProjectConfigurationPlatforms) = postSolution
		{314F22F1-8EE7-4820-A71E-95C7C311B469}.Debug|Any CPU.ActiveCfg = Debug|Any CPU
		{314F22F1-8EE7-4820-A71E-95C7C311B469}.Debug|Any CPU.Build.0 = Debug|Any CPU
		{314F22F1-8EE7-4820-A71E-95C7C311B469}.Release|Any CPU.ActiveCfg = Release|Any CPU
		{314F22F1-8EE7-4820-A71E-95C7C311B469}.Release|Any CPU.Build.0 = Release|Any CPU
		{069F5F4D-2905-4365-B2B6-3D0FFB197E0C}.Debug|Any CPU.ActiveCfg = Debug|Any CPU
		{069F5F4D-2905-4365-B2B6-3D0FFB197E0C}.Debug|Any CPU.Build.0 = Debug|Any CPU
		{069F5F4D-2905-4365-B2B6-3D0FFB197E0C}.Release|Any CPU.ActiveCfg = Release|Any CPU
		{069F5F4D-2905-4365-B2B6-3D0FFB197E0C}.Release|Any CPU.Build.0 = Release|Any CPU
		{92C75837-0A6D-4517-BD8F-37E52F70D20C}.Debug|Any CPU.ActiveCfg = Debug|Any CPU
		{92C75837-0A6D-4517-BD8F-37E52F70D20C}.Debug|Any CPU.Build.0 = Debug|Any CPU
		{92C75837-0A6D-4517-BD8F-37E52F70D20C}.Release|Any CPU.ActiveCfg = Release|Any CPU
		{92C75837-0A6D-4517-BD8F-37E52F70D20C}.Release|Any CPU.Build.0 = Release|Any CPU
	EndGlobalSection
	GlobalSection(SolutionProperties) = preSolution
		HideSolutionNode = FALSE
	EndGlobalSection
	GlobalSection(ExtensibilityGlobals) = postSolution
		SolutionGuid = {12942227-E390-4231-BF36-1A78E58DC4C8}
	EndGlobalSection
EndGlobal
